Microsoft Visual Studio Solution File, Format Version 12.00
# Visual Studio 2012
Project("{FAE04EC0-301F-11D3-BF4B-00C04F79EFBC}") = "PR_PicnicJam", "PR_PicnicJam.csproj", "{74BF99FB-C67A-4C48-BA22-74BC2BE7414C}"
EndProject
Global
	GlobalSection(SolutionConfigurationPlatforms) = preSolution
	Debug|Any CPU = Debug|Any CPU
	ExportDebug|Any CPU = ExportDebug|Any CPU
	ExportRelease|Any CPU = ExportRelease|Any CPU
	EndGlobalSection
	GlobalSection(ProjectConfigurationPlatforms) = postSolution
		{74BF99FB-C67A-4C48-BA22-74BC2BE7414C}.Debug|Any CPU.ActiveCfg = Debug|Any CPU
		{74BF99FB-C67A-4C48-BA22-74BC2BE7414C}.Debug|Any CPU.Build.0 = Debug|Any CPU
		{74BF99FB-C67A-4C48-BA22-74BC2BE7414C}.ExportDebug|Any CPU.ActiveCfg = ExportDebug|Any CPU
		{74BF99FB-C67A-4C48-BA22-74BC2BE7414C}.ExportDebug|Any CPU.Build.0 = ExportDebug|Any CPU
		{74BF99FB-C67A-4C48-BA22-74BC2BE7414C}.ExportRelease|Any CPU.ActiveCfg = ExportRelease|Any CPU
		{74BF99FB-C67A-4C48-BA22-74BC2BE7414C}.ExportRelease|Any CPU.Build.0 = ExportRelease|Any CPU
	EndGlobalSection
EndGlobal
